
Microsoft Visual Studio Solution File, Format Version 12.00
# Visual Studio Version 17
VisualStudioVersion = 17.5.33414.496
MinimumVisualStudioVersion = 10.0.40219.1
Project("{FAE04EC0-301F-11D3-BF4B-00C04F79EFBC}") = "Minesweeper", "Minesweeper\Minesweeper.csproj", "{9A3171F9-574B-4633-8F6C-8AA3ADE95599}"
EndProject
Global
	GlobalSection(SolutionConfigurationPlatforms) = preSolution
		Debug|Any CPU = Debug|Any CPU
		Release|Any CPU = Release|Any CPU
	EndGlobalSection
	GlobalSection(ProjectConfigurationPlatforms) = postSolution
		{9A3171F9-574B-4633-8F6C-8AA3ADE95599}.Debug|Any CPU.ActiveCfg = Debug|Any CPU
		{9A3171F9-574B-4633-8F6C-8AA3ADE95599}.Debug|Any CPU.Build.0 = Debug|Any CPU
		{9A3171F9-574B-4633-8F6C-8AA3ADE95599}.Release|Any CPU.ActiveCfg = Release|Any CPU
		{9A3171F9-574B-4633-8F6C-8AA3ADE95599}.Release|Any CPU.Build.0 = Release|Any CPU
	EndGlobalSection
	GlobalSection(SolutionProperties) = preSolution
		HideSolutionNode = FALSE
	EndGlobalSection
	GlobalSection(ExtensibilityGlobals) = postSolution
		SolutionGuid = {20867B9B-4C22-4C55-A2FE-41AD348684B1}
	EndGlobalSection
EndGlobal
